
Microsoft Visual Studio Solution File, Format Version 12.00
# Visual Studio 15
Project("{FAE04EC0-301F-11D3-BF4B-00C04F79EFBC}") = "CodeBird", "CodeBird.csproj", "{7036EF73-164A-7996-EB09-D9AC8325A5CF}"
EndProject
Global
	GlobalSection(SolutionConfigurationPlatforms) = preSolution
		Debug|Any CPU = Debug|Any CPU
		Release|Any CPU = Release|Any CPU
	EndGlobalSection
	GlobalSection(ProjectConfigurationPlatforms) = postSolution
		{7036EF73-164A-7996-EB09-D9AC8325A5CF}.Debug|Any CPU.ActiveCfg = Debug|Any CPU
		{7036EF73-164A-7996-EB09-D9AC8325A5CF}.Debug|Any CPU.Build.0 = Debug|Any CPU
		{7036EF73-164A-7996-EB09-D9AC8325A5CF}.Release|Any CPU.ActiveCfg = Release|Any CPU
		{7036EF73-164A-7996-EB09-D9AC8325A5CF}.Release|Any CPU.Build.0 = Release|Any CPU
	EndGlobalSection
	GlobalSection(SolutionProperties) = preSolution
		HideSolutionNode = FALSE
	EndGlobalSection
EndGlobal
